
Microsoft Visual Studio Solution File, Format Version 12.00
# Visual Studio 15
VisualStudioVersion = 15.0.26228.4
MinimumVisualStudioVersion = 10.0.40219.1
Project("{2150E333-8FDC-42A3-9474-1A3956D46DE8}") = "src", "src", "{E8899B79-DE25-4992-95E0-7D3210BCE393}"
EndProject
Project("{2150E333-8FDC-42A3-9474-1A3956D46DE8}") = "Tests", "Tests", "{E70D1D46-D4B2-4032-A904-1B42330AE233}"
EndProject
Project("{2150E333-8FDC-42A3-9474-1A3956D46DE8}") = "Accounting", "Accounting", "{ECBDCA68-7255-43B2-B393-6717F5480697}"
EndProject
Project("{2150E333-8FDC-42A3-9474-1A3956D46DE8}") = "Web", "Web", "{CAD5E266-388F-4D06-BB84-51DC1AD8D6FF}"
EndProject
Project("{2150E333-8FDC-42A3-9474-1A3956D46DE8}") = "Companies", "Companies", "{23A74761-FC61-4553-8523-5E640EBC0800}"
EndProject
Project("{9A19103F-16F7-4668-BE54-9A1E7A4F7556}") = "Wilson.Core", "src\Wilson.Core\Wilson.Core.csproj", "{EC2C626C-65F2-4262-ACC2-8A1AB8B2993F}"
EndProject
Project("{9A19103F-16F7-4668-BE54-9A1E7A4F7556}") = "Wilson.Data", "src\Wilson.Data\Wilson.Data.csproj", "{21A6E0D8-144A-4044-8742-F7CF0C97B717}"
EndProject
Project("{9A19103F-16F7-4668-BE54-9A1E7A4F7556}") = "Wilson.Accounting.Core", "Accounting\Wilson.Accounting.Core\Wilson.Accounting.Core.csproj", "{6CF7CC26-AABA-41CF-89E5-F7B4BBE31935}"
EndProject
Project("{9A19103F-16F7-4668-BE54-9A1E7A4F7556}") = "Wilson.Accounting.Data", "Accounting\Wilson.Accounting.Data\Wilson.Accounting.Data.csproj", "{8A05CB16-DC72-41B9-BF54-C2B584EEDCA6}"
EndProject
Project("{FAE04EC0-301F-11D3-BF4B-00C04F79EFBC}") = "Wilson.Test", "src\Tests\Wilson.Test\Wilson.Test.csproj", "{FA71B9B0-390F-4567-B84B-059D0735161A}"
EndProject
Project("{FAE04EC0-301F-11D3-BF4B-00C04F79EFBC}") = "Wilson.Web", "Web\Wilson.Web\Wilson.Web.csproj", "{4B05A095-4D0D-42C7-9617-42D7641CC676}"
EndProject
Project("{9A19103F-16F7-4668-BE54-9A1E7A4F7556}") = "Wilson.Companies.Core", "Companies\Wilson.Companies.Core\Wilson.Companies.Core.csproj", "{DEBD8FF7-3A1B-42A6-9262-DB65D323EC73}"
EndProject
Project("{9A19103F-16F7-4668-BE54-9A1E7A4F7556}") = "Wilson.Companies.Data", "Companies\Wilson.Companies.Data\Wilson.Companies.Data.csproj", "{A2060167-1023-4DA7-B812-D602348D1CC0}"
EndProject
Global
	GlobalSection(SolutionConfigurationPlatforms) = preSolution
		Debug|Any CPU = Debug|Any CPU
		Release|Any CPU = Release|Any CPU
	EndGlobalSection
	GlobalSection(ProjectConfigurationPlatforms) = postSolution
		{EC2C626C-65F2-4262-ACC2-8A1AB8B2993F}.Debug|Any CPU.ActiveCfg = Debug|Any CPU
		{EC2C626C-65F2-4262-ACC2-8A1AB8B2993F}.Debug|Any CPU.Build.0 = Debug|Any CPU
		{EC2C626C-65F2-4262-ACC2-8A1AB8B2993F}.Release|Any CPU.ActiveCfg = Release|Any CPU
		{EC2C626C-65F2-4262-ACC2-8A1AB8B2993F}.Release|Any CPU.Build.0 = Release|Any CPU
		{21A6E0D8-144A-4044-8742-F7CF0C97B717}.Debug|Any CPU.ActiveCfg = Debug|Any CPU
		{21A6E0D8-144A-4044-8742-F7CF0C97B717}.Debug|Any CPU.Build.0 = Debug|Any CPU
		{21A6E0D8-144A-4044-8742-F7CF0C97B717}.Release|Any CPU.ActiveCfg = Release|Any CPU
		{21A6E0D8-144A-4044-8742-F7CF0C97B717}.Release|Any CPU.Build.0 = Release|Any CPU
		{6CF7CC26-AABA-41CF-89E5-F7B4BBE31935}.Debug|Any CPU.ActiveCfg = Debug|Any CPU
		{6CF7CC26-AABA-41CF-89E5-F7B4BBE31935}.Debug|Any CPU.Build.0 = Debug|Any CPU
		{6CF7CC26-AABA-41CF-89E5-F7B4BBE31935}.Release|Any CPU.ActiveCfg = Release|Any CPU
		{6CF7CC26-AABA-41CF-89E5-F7B4BBE31935}.Release|Any CPU.Build.0 = Release|Any CPU
		{8A05CB16-DC72-41B9-BF54-C2B584EEDCA6}.Debug|Any CPU.ActiveCfg = Debug|Any CPU
		{8A05CB16-DC72-41B9-BF54-C2B584EEDCA6}.Debug|Any CPU.Build.0 = Debug|Any CPU
		{8A05CB16-DC72-41B9-BF54-C2B584EEDCA6}.Release|Any CPU.ActiveCfg = Release|Any CPU
		{8A05CB16-DC72-41B9-BF54-C2B584EEDCA6}.Release|Any CPU.Build.0 = Release|Any CPU
		{FA71B9B0-390F-4567-B84B-059D0735161A}.Debug|Any CPU.ActiveCfg = Debug|Any CPU
		{FA71B9B0-390F-4567-B84B-059D0735161A}.Debug|Any CPU.Build.0 = Debug|Any CPU
		{FA71B9B0-390F-4567-B84B-059D0735161A}.Release|Any CPU.ActiveCfg = Release|Any CPU
		{FA71B9B0-390F-4567-B84B-059D0735161A}.Release|Any CPU.Build.0 = Release|Any CPU
		{4B05A095-4D0D-42C7-9617-42D7641CC676}.Debug|Any CPU.ActiveCfg = Debug|Any CPU
		{4B05A095-4D0D-42C7-9617-42D7641CC676}.Debug|Any CPU.Build.0 = Debug|Any CPU
		{4B05A095-4D0D-42C7-9617-42D7641CC676}.Release|Any CPU.ActiveCfg = Release|Any CPU
		{4B05A095-4D0D-42C7-9617-42D7641CC676}.Release|Any CPU.Build.0 = Release|Any CPU
		{DEBD8FF7-3A1B-42A6-9262-DB65D323EC73}.Debug|Any CPU.ActiveCfg = Debug|Any CPU
		{DEBD8FF7-3A1B-42A6-9262-DB65D323EC73}.Debug|Any CPU.Build.0 = Debug|Any CPU
		{DEBD8FF7-3A1B-42A6-9262-DB65D323EC73}.Release|Any CPU.ActiveCfg = Release|Any CPU
		{DEBD8FF7-3A1B-42A6-9262-DB65D323EC73}.Release|Any CPU.Build.0 = Release|Any CPU
		{A2060167-1023-4DA7-B812-D602348D1CC0}.Debug|Any CPU.ActiveCfg = Debug|Any CPU
		{A2060167-1023-4DA7-B812-D602348D1CC0}.Debug|Any CPU.Build.0 = Debug|Any CPU
		{A2060167-1023-4DA7-B812-D602348D1CC0}.Release|Any CPU.ActiveCfg = Release|Any CPU
		{A2060167-1023-4DA7-B812-D602348D1CC0}.Release|Any CPU.Build.0 = Release|Any CPU
	EndGlobalSection
	GlobalSection(SolutionProperties) = preSolution
		HideSolutionNode = FALSE
	EndGlobalSection
	GlobalSection(NestedProjects) = preSolution
		{E70D1D46-D4B2-4032-A904-1B42330AE233} = {E8899B79-DE25-4992-95E0-7D3210BCE393}
		{EC2C626C-65F2-4262-ACC2-8A1AB8B2993F} = {E8899B79-DE25-4992-95E0-7D3210BCE393}
		{21A6E0D8-144A-4044-8742-F7CF0C97B717} = {E8899B79-DE25-4992-95E0-7D3210BCE393}
		{6CF7CC26-AABA-41CF-89E5-F7B4BBE31935} = {ECBDCA68-7255-43B2-B393-6717F5480697}
		{8A05CB16-DC72-41B9-BF54-C2B584EEDCA6} = {ECBDCA68-7255-43B2-B393-6717F5480697}
		{FA71B9B0-390F-4567-B84B-059D0735161A} = {E70D1D46-D4B2-4032-A904-1B42330AE233}
		{4B05A095-4D0D-42C7-9617-42D7641CC676} = {CAD5E266-388F-4D06-BB84-51DC1AD8D6FF}
		{DEBD8FF7-3A1B-42A6-9262-DB65D323EC73} = {23A74761-FC61-4553-8523-5E640EBC0800}
		{A2060167-1023-4DA7-B812-D602348D1CC0} = {23A74761-FC61-4553-8523-5E640EBC0800}
	EndGlobalSection
EndGlobal
